// !$*UTF8*$!
{
	archiveVersion = 1;
	classes = {
	};
	objectVersion = 50;
	objects = {

/* Begin PBXBuildFile section */
		0D127412878637062A962470 /* Pods_MZFlixTests.framework in Frameworks */ = {isa = PBXBuildFile; fileRef = 0681693112F5F1D6DE9EC568 /* Pods_MZFlixTests.framework */; };
		408FE8E79102130DAE464107 /* Pods_MZFlix.framework in Frameworks */ = {isa = PBXBuildFile; fileRef = 09A184676A80076941F1C5D9 /* Pods_MZFlix.framework */; };
		D751E03625D788D600C3BA76 /* AppDelegate.swift in Sources */ = {isa = PBXBuildFile; fileRef = D751E03525D788D600C3BA76 /* AppDelegate.swift */; };
		D751E03825D788D600C3BA76 /* SceneDelegate.swift in Sources */ = {isa = PBXBuildFile; fileRef = D751E03725D788D600C3BA76 /* SceneDelegate.swift */; };
		D751E03A25D788D600C3BA76 /* ViewController.swift in Sources */ = {isa = PBXBuildFile; fileRef = D751E03925D788D600C3BA76 /* ViewController.swift */; };
		D751E03D25D788D600C3BA76 /* Main.storyboard in Resources */ = {isa = PBXBuildFile; fileRef = D751E03B25D788D600C3BA76 /* Main.storyboard */; };
		D751E03F25D788DB00C3BA76 /* Assets.xcassets in Resources */ = {isa = PBXBuildFile; fileRef = D751E03E25D788DB00C3BA76 /* Assets.xcassets */; };
		D751E04225D788DB00C3BA76 /* LaunchScreen.storyboard in Resources */ = {isa = PBXBuildFile; fileRef = D751E04025D788DB00C3BA76 /* LaunchScreen.storyboard */; };
		D751E04D25D788DB00C3BA76 /* MZFlixTests.swift in Sources */ = {isa = PBXBuildFile; fileRef = D751E04C25D788DB00C3BA76 /* MZFlixTests.swift */; };
		D751E05825D788DB00C3BA76 /* MZFlixUITests.swift in Sources */ = {isa = PBXBuildFile; fileRef = D751E05725D788DB00C3BA76 /* MZFlixUITests.swift */; };
		D751E06925D79DCF00C3BA76 /* MovieCell.swift in Sources */ = {isa = PBXBuildFile; fileRef = D751E06825D79DCF00C3BA76 /* MovieCell.swift */; };
		EE9202E1EB4230DA32D6950E /* Pods_MZFlix_MZFlixUITests.framework in Frameworks */ = {isa = PBXBuildFile; fileRef = 9A783EB4D3EAD67702A78DD7 /* Pods_MZFlix_MZFlixUITests.framework */; };
/* End PBXBuildFile section */

/* Begin PBXContainerItemProxy section */
		D751E04925D788DB00C3BA76 /* PBXContainerItemProxy */ = {
			isa = PBXContainerItemProxy;
			containerPortal = D751E02A25D788D600C3BA76 /* Project object */;
			proxyType = 1;
			remoteGlobalIDString = D751E03125D788D600C3BA76;
			remoteInfo = MZFlix;
		};
		D751E05425D788DB00C3BA76 /* PBXContainerItemProxy */ = {
			isa = PBXContainerItemProxy;
			containerPortal = D751E02A25D788D600C3BA76 /* Project object */;
			proxyType = 1;
			remoteGlobalIDString = D751E03125D788D600C3BA76;
			remoteInfo = MZFlix;
		};
/* End PBXContainerItemProxy section */

/* Begin PBXFileReference section */
		0681693112F5F1D6DE9EC568 /* Pods_MZFlixTests.framework */ = {isa = PBXFileReference; explicitFileType = wrapper.framework; includeInIndex = 0; path = Pods_MZFlixTests.framework; sourceTree = BUILT_PRODUCTS_DIR; };
		07DC20E0F7FBA659BC4F31AE /* Pods-MZFlix.debug.xcconfig */ = {isa = PBXFileReference; includeInIndex = 1; lastKnownFileType = text.xcconfig; name = "Pods-MZFlix.debug.xcconfig"; path = "Target Support Files/Pods-MZFlix/Pods-MZFlix.debug.xcconfig"; sourceTree = "<group>"; };
		09A184676A80076941F1C5D9 /* Pods_MZFlix.framework */ = {isa = PBXFileReference; explicitFileType = wrapper.framework; includeInIndex = 0; path = Pods_MZFlix.framework; sourceTree = BUILT_PRODUCTS_DIR; };
		4358FCD28041BF3201E48804 /* Pods-MZFlix-MZFlixUITests.release.xcconfig */ = {isa = PBXFileReference; includeInIndex = 1; lastKnownFileType = text.xcconfig; name = "Pods-MZFlix-MZFlixUITests.release.xcconfig"; path = "Target Support Files/Pods-MZFlix-MZFlixUITests/Pods-MZFlix-MZFlixUITests.release.xcconfig"; sourceTree = "<group>"; };
		6A1E52293C022F696A51919A /* Pods-MZFlixTests.debug.xcconfig */ = {isa = PBXFileReference; includeInIndex = 1; lastKnownFileType = text.xcconfig; name = "Pods-MZFlixTests.debug.xcconfig"; path = "Target Support Files/Pods-MZFlixTests/Pods-MZFlixTests.debug.xcconfig"; sourceTree = "<group>"; };
		7970C27E1CCD8DE8311B7846 /* Pods-MZFlix-MZFlixUITests.debug.xcconfig */ = {isa = PBXFileReference; includeInIndex = 1; lastKnownFileType = text.xcconfig; name = "Pods-MZFlix-MZFlixUITests.debug.xcconfig"; path = "Target Support Files/Pods-MZFlix-MZFlixUITests/Pods-MZFlix-MZFlixUITests.debug.xcconfig"; sourceTree = "<group>"; };
		92067E0472CD738CD3C7DC1D /* Pods-MZFlix.release.xcconfig */ = {isa = PBXFileReference; includeInIndex = 1; lastKnownFileType = text.xcconfig; name = "Pods-MZFlix.release.xcconfig"; path = "Target Support Files/Pods-MZFlix/Pods-MZFlix.release.xcconfig"; sourceTree = "<group>"; };
		9A783EB4D3EAD67702A78DD7 /* Pods_MZFlix_MZFlixUITests.framework */ = {isa = PBXFileReference; explicitFileType = wrapper.framework; includeInIndex = 0; path = Pods_MZFlix_MZFlixUITests.framework; sourceTree = BUILT_PRODUCTS_DIR; };
		D751E03225D788D600C3BA76 /* MZFlix.app */ = {isa = PBXFileReference; explicitFileType = wrapper.application; includeInIndex = 0; path = MZFlix.app; sourceTree = BUILT_PRODUCTS_DIR; };
		D751E03525D788D600C3BA76 /* AppDelegate.swift */ = {isa = PBXFileReference; lastKnownFileType = sourcecode.swift; path = AppDelegate.swift; sourceTree = "<group>"; };
		D751E03725D788D600C3BA76 /* SceneDelegate.swift */ = {isa = PBXFileReference; lastKnownFileType = sourcecode.swift; path = SceneDelegate.swift; sourceTree = "<group>"; };
		D751E03925D788D600C3BA76 /* ViewController.swift */ = {isa = PBXFileReference; lastKnownFileType = sourcecode.swift; path = ViewController.swift; sourceTree = "<group>"; };
		D751E03C25D788D600C3BA76 /* Base */ = {isa = PBXFileReference; lastKnownFileType = file.storyboard; name = Base; path = Base.lproj/Main.storyboard; sourceTree = "<group>"; };
		D751E03E25D788DB00C3BA76 /* Assets.xcassets */ = {isa = PBXFileReference; lastKnownFileType = folder.assetcatalog; path = Assets.xcassets; sourceTree = "<group>"; };
		D751E04125D788DB00C3BA76 /* Base */ = {isa = PBXFileReference; lastKnownFileType = file.storyboard; name = Base; path = Base.lproj/LaunchScreen.storyboard; sourceTree = "<group>"; };
		D751E04325D788DB00C3BA76 /* Info.plist */ = {isa = PBXFileReference; lastKnownFileType = text.plist.xml; path = Info.plist; sourceTree = "<group>"; };
		D751E04825D788DB00C3BA76 /* MZFlixTests.xctest */ = {isa = PBXFileReference; explicitFileType = wrapper.cfbundle; includeInIndex = 0; path = MZFlixTests.xctest; sourceTree = BUILT_PRODUCTS_DIR; };
		D751E04C25D788DB00C3BA76 /* MZFlixTests.swift */ = {isa = PBXFileReference; lastKnownFileType = sourcecode.swift; path = MZFlixTests.swift; sourceTree = "<group>"; };
		D751E04E25D788DB00C3BA76 /* Info.plist */ = {isa = PBXFileReference; lastKnownFileType = text.plist.xml; path = Info.plist; sourceTree = "<group>"; };
		D751E05325D788DB00C3BA76 /* MZFlixUITests.xctest */ = {isa = PBXFileReference; explicitFileType = wrapper.cfbundle; includeInIndex = 0; path = MZFlixUITests.xctest; sourceTree = BUILT_PRODUCTS_DIR; };
		D751E05725D788DB00C3BA76 /* MZFlixUITests.swift */ = {isa = PBXFileReference; lastKnownFileType = sourcecode.swift; path = MZFlixUITests.swift; sourceTree = "<group>"; };
		D751E05925D788DB00C3BA76 /* Info.plist */ = {isa = PBXFileReference; lastKnownFileType = text.plist.xml; path = Info.plist; sourceTree = "<group>"; };
		D751E06825D79DCF00C3BA76 /* MovieCell.swift */ = {isa = PBXFileReference; lastKnownFileType = sourcecode.swift; path = MovieCell.swift; sourceTree = "<group>"; };
		E33339AC067C6AE0E0D49EEE /* Pods-MZFlixTests.release.xcconfig */ = {isa = PBXFileReference; includeInIndex = 1; lastKnownFileType = text.xcconfig; name = "Pods-MZFlixTests.release.xcconfig"; path = "Target Support Files/Pods-MZFlixTests/Pods-MZFlixTests.release.xcconfig"; sourceTree = "<group>"; };
/* End PBXFileReference section */

/* Begin PBXFrameworksBuildPhase section */
		D751E02F25D788D600C3BA76 /* Frameworks */ = {
			isa = PBXFrameworksBuildPhase;
			buildActionMask = 2147483647;
			files = (
				408FE8E79102130DAE464107 /* Pods_MZFlix.framework in Frameworks */,
			);
			runOnlyForDeploymentPostprocessing = 0;
		};
		D751E04525D788DB00C3BA76 /* Frameworks */ = {
			isa = PBXFrameworksBuildPhase;
			buildActionMask = 2147483647;
			files = (
				0D127412878637062A962470 /* Pods_MZFlixTests.framework in Frameworks */,
			);
			runOnlyForDeploymentPostprocessing = 0;
		};
		D751E05025D788DB00C3BA76 /* Frameworks */ = {
			isa = PBXFrameworksBuildPhase;
			buildActionMask = 2147483647;
			files = (
				EE9202E1EB4230DA32D6950E /* Pods_MZFlix_MZFlixUITests.framework in Frameworks */,
			);
			runOnlyForDeploymentPostprocessing = 0;
		};
/* End PBXFrameworksBuildPhase section */

/* Begin PBXGroup section */
		40058BD55809107A568C7DCE /* Pods */ = {
			isa = PBXGroup;
			children = (
				07DC20E0F7FBA659BC4F31AE /* Pods-MZFlix.debug.xcconfig */,
				92067E0472CD738CD3C7DC1D /* Pods-MZFlix.release.xcconfig */,
				7970C27E1CCD8DE8311B7846 /* Pods-MZFlix-MZFlixUITests.debug.xcconfig */,
				4358FCD28041BF3201E48804 /* Pods-MZFlix-MZFlixUITests.release.xcconfig */,
				6A1E52293C022F696A51919A /* Pods-MZFlixTests.debug.xcconfig */,
				E33339AC067C6AE0E0D49EEE /* Pods-MZFlixTests.release.xcconfig */,
			);
			name = Pods;
			path = Pods;
			sourceTree = "<group>";
		};
		6C3C19113B5D14AD93293FCB /* Frameworks */ = {
			isa = PBXGroup;
			children = (
				09A184676A80076941F1C5D9 /* Pods_MZFlix.framework */,
				9A783EB4D3EAD67702A78DD7 /* Pods_MZFlix_MZFlixUITests.framework */,
				0681693112F5F1D6DE9EC568 /* Pods_MZFlixTests.framework */,
			);
			name = Frameworks;
			sourceTree = "<group>";
		};
		D751E02925D788D600C3BA76 = {
			isa = PBXGroup;
			children = (
				D751E03425D788D600C3BA76 /* MZFlix */,
				D751E04B25D788DB00C3BA76 /* MZFlixTests */,
				D751E05625D788DB00C3BA76 /* MZFlixUITests */,
				D751E03325D788D600C3BA76 /* Products */,
				40058BD55809107A568C7DCE /* Pods */,
				6C3C19113B5D14AD93293FCB /* Frameworks */,
			);
			sourceTree = "<group>";
		};
		D751E03325D788D600C3BA76 /* Products */ = {
			isa = PBXGroup;
			children = (
				D751E03225D788D600C3BA76 /* MZFlix.app */,
				D751E04825D788DB00C3BA76 /* MZFlixTests.xctest */,
				D751E05325D788DB00C3BA76 /* MZFlixUITests.xctest */,
			);
			name = Products;
			sourceTree = "<group>";
		};
		D751E03425D788D600C3BA76 /* MZFlix */ = {
			isa = PBXGroup;
			children = (
				D751E03525D788D600C3BA76 /* AppDelegate.swift */,
				D751E03725D788D600C3BA76 /* SceneDelegate.swift */,
				D751E03925D788D600C3BA76 /* ViewController.swift */,
				D751E03B25D788D600C3BA76 /* Main.storyboard */,
				D751E06825D79DCF00C3BA76 /* MovieCell.swift */,
				D751E03E25D788DB00C3BA76 /* Assets.xcassets */,
				D751E04025D788DB00C3BA76 /* LaunchScreen.storyboard */,
				D751E04325D788DB00C3BA76 /* Info.plist */,
			);
			path = MZFlix;
			sourceTree = "<group>";
		};
		D751E04B25D788DB00C3BA76 /* MZFlixTests */ = {
			isa = PBXGroup;
			children = (
				D751E04C25D788DB00C3BA76 /* MZFlixTests.swift */,
				D751E04E25D788DB00C3BA76 /* Info.plist */,
			);
			path = MZFlixTests;
			sourceTree = "<group>";
		};
		D751E05625D788DB00C3BA76 /* MZFlixUITests */ = {
			isa = PBXGroup;
			children = (
				D751E05725D788DB00C3BA76 /* MZFlixUITests.swift */,
				D751E05925D788DB00C3BA76 /* Info.plist */,
			);
			path = MZFlixUITests;
			sourceTree = "<group>";
		};
/* End PBXGroup section */

/* Begin PBXNativeTarget section */
		D751E03125D788D600C3BA76 /* MZFlix */ = {
			isa = PBXNativeTarget;
			buildConfigurationList = D751E05C25D788DB00C3BA76 /* Build configuration list for PBXNativeTarget "MZFlix" */;
			buildPhases = (
				F8B9B0D8B7FA7E33D37141A4 /* [CP] Check Pods Manifest.lock */,
				D751E02E25D788D600C3BA76 /* Sources */,
				D751E02F25D788D600C3BA76 /* Frameworks */,
				D751E03025D788D600C3BA76 /* Resources */,
				4D8ED9F884AB2BF15FFC2867 /* [CP] Embed Pods Frameworks */,
			);
			buildRules = (
			);
			dependencies = (
			);
			name = MZFlix;
			productName = MZFlix;
			productReference = D751E03225D788D600C3BA76 /* MZFlix.app */;
			productType = "com.apple.product-type.application";
		};
		D751E04725D788DB00C3BA76 /* MZFlixTests */ = {
			isa = PBXNativeTarget;
			buildConfigurationList = D751E05F25D788DB00C3BA76 /* Build configuration list for PBXNativeTarget "MZFlixTests" */;
			buildPhases = (
				FF0CF52643EF5FD1DBA75CE5 /* [CP] Check Pods Manifest.lock */,
				D751E04425D788DB00C3BA76 /* Sources */,
				D751E04525D788DB00C3BA76 /* Frameworks */,
				D751E04625D788DB00C3BA76 /* Resources */,
			);
			buildRules = (
			);
			dependencies = (
				D751E04A25D788DB00C3BA76 /* PBXTargetDependency */,
			);
			name = MZFlixTests;
			productName = MZFlixTests;
			productReference = D751E04825D788DB00C3BA76 /* MZFlixTests.xctest */;
			productType = "com.apple.product-type.bundle.unit-test";
		};
		D751E05225D788DB00C3BA76 /* MZFlixUITests */ = {
			isa = PBXNativeTarget;
			buildConfigurationList = D751E06225D788DB00C3BA76 /* Build configuration list for PBXNativeTarget "MZFlixUITests" */;
			buildPhases = (
				C59DCAB46693F6D3AC615B5E /* [CP] Check Pods Manifest.lock */,
				D751E04F25D788DB00C3BA76 /* Sources */,
				D751E05025D788DB00C3BA76 /* Frameworks */,
				D751E05125D788DB00C3BA76 /* Resources */,
				CCBD336B802900B5B6CECC1B /* [CP] Embed Pods Frameworks */,
			);
			buildRules = (
			);
			dependencies = (
				D751E05525D788DB00C3BA76 /* PBXTargetDependency */,
			);
			name = MZFlixUITests;
			productName = MZFlixUITests;
			productReference = D751E05325D788DB00C3BA76 /* MZFlixUITests.xctest */;
			productType = "com.apple.product-type.bundle.ui-testing";
		};
/* End PBXNativeTarget section */

/* Begin PBXProject section */
		D751E02A25D788D600C3BA76 /* Project object */ = {
			isa = PBXProject;
			attributes = {
				LastSwiftUpdateCheck = 1240;
				LastUpgradeCheck = 1240;
				TargetAttributes = {
					D751E03125D788D600C3BA76 = {
						CreatedOnToolsVersion = 12.4;
					};
					D751E04725D788DB00C3BA76 = {
						CreatedOnToolsVersion = 12.4;
						TestTargetID = D751E03125D788D600C3BA76;
					};
					D751E05225D788DB00C3BA76 = {
						CreatedOnToolsVersion = 12.4;
						TestTargetID = D751E03125D788D600C3BA76;
					};
				};
			};
			buildConfigurationList = D751E02D25D788D600C3BA76 /* Build configuration list for PBXProject "MZFlix" */;
			compatibilityVersion = "Xcode 9.3";
			developmentRegion = en;
			hasScannedForEncodings = 0;
			knownRegions = (
				en,
				Base,
			);
			mainGroup = D751E02925D788D600C3BA76;
			productRefGroup = D751E03325D788D600C3BA76 /* Products */;
			projectDirPath = "";
			projectRoot = "";
			targets = (
				D751E03125D788D600C3BA76 /* MZFlix */,
				D751E04725D788DB00C3BA76 /* MZFlixTests */,
				D751E05225D788DB00C3BA76 /* MZFlixUITests */,
			);
		};
/* End PBXProject section */

/* Begin PBXResourcesBuildPhase section */
		D751E03025D788D600C3BA76 /* Resources */ = {
			isa = PBXResourcesBuildPhase;
			buildActionMask = 2147483647;
			files = (
				D751E04225D788DB00C3BA76 /* LaunchScreen.storyboard in Resources */,
				D751E03F25D788DB00C3BA76 /* Assets.xcassets in Resources */,
				D751E03D25D788D600C3BA76 /* Main.storyboard in Resources */,
			);
			runOnlyForDeploymentPostprocessing = 0;
		};
		D751E04625D788DB00C3BA76 /* Resources */ = {
			isa = PBXResourcesBuildPhase;
			buildActionMask = 2147483647;
			files = (
			);
			runOnlyForDeploymentPostprocessing = 0;
		};
		D751E05125D788DB00C3BA76 /* Resources */ = {
			isa = PBXResourcesBuildPhase;
			buildActionMask = 2147483647;
			files = (
			);
			runOnlyForDeploymentPostprocessing = 0;
		};
/* End PBXResourcesBuildPhase section */

/* Begin PBXShellScriptBuildPhase section */
		4D8ED9F884AB2BF15FFC2867 /* [CP] Embed Pods Frameworks */ = {
			isa = PBXShellScriptBuildPhase;
			buildActionMask = 2147483647;
			files = (
			);
			inputFileListPaths = (
				"${PODS_ROOT}/Target Support Files/Pods-MZFlix/Pods-MZFlix-frameworks-${CONFIGURATION}-input-files.xcfilelist",
			);
			name = "[CP] Embed Pods Frameworks";
			outputFileListPaths = (
				"${PODS_ROOT}/Target Support Files/Pods-MZFlix/Pods-MZFlix-frameworks-${CONFIGURATION}-output-files.xcfilelist",
			);
			runOnlyForDeploymentPostprocessing = 0;
			shellPath = /bin/sh;
			shellScript = "\"${PODS_ROOT}/Target Support Files/Pods-MZFlix/Pods-MZFlix-frameworks.sh\"\n";
			showEnvVarsInLog = 0;
		};
		C59DCAB46693F6D3AC615B5E /* [CP] Check Pods Manifest.lock */ = {
			isa = PBXShellScriptBuildPhase;
			buildActionMask = 2147483647;
			files = (
			);
			inputFileListPaths = (
			);
			inputPaths = (
				"${PODS_PODFILE_DIR_PATH}/Podfile.lock",
				"${PODS_ROOT}/Manifest.lock",
			);
			name = "[CP] Check Pods Manifest.lock";
			outputFileListPaths = (
			);
			outputPaths = (
				"$(DERIVED_FILE_DIR)/Pods-MZFlix-MZFlixUITests-checkManifestLockResult.txt",
			);
			runOnlyForDeploymentPostprocessing = 0;
			shellPath = /bin/sh;
			shellScript = "diff \"${PODS_PODFILE_DIR_PATH}/Podfile.lock\" \"${PODS_ROOT}/Manifest.lock\" > /dev/null\nif [ $? != 0 ] ; then\n    # print error to STDERR\n    echo \"error: The sandbox is not in sync with the Podfile.lock. Run 'pod install' or update your CocoaPods installation.\" >&2\n    exit 1\nfi\n# This output is used by Xcode 'outputs' to avoid re-running this script phase.\necho \"SUCCESS\" > \"${SCRIPT_OUTPUT_FILE_0}\"\n";
			showEnvVarsInLog = 0;
		};
		CCBD336B802900B5B6CECC1B /* [CP] Embed Pods Frameworks */ = {
			isa = PBXShellScriptBuildPhase;
			buildActionMask = 2147483647;
			files = (
			);
			inputFileListPaths = (
				"${PODS_ROOT}/Target Support Files/Pods-MZFlix-MZFlixUITests/Pods-MZFlix-MZFlixUITests-frameworks-${CONFIGURATION}-input-files.xcfilelist",
			);
			name = "[CP] Embed Pods Frameworks";
			outputFileListPaths = (
				"${PODS_ROOT}/Target Support Files/Pods-MZFlix-MZFlixUITests/Pods-MZFlix-MZFlixUITests-frameworks-${CONFIGURATION}-output-files.xcfilelist",
			);
			runOnlyForDeploymentPostprocessing = 0;
			shellPath = /bin/sh;
			shellScript = "\"${PODS_ROOT}/Target Support Files/Pods-MZFlix-MZFlixUITests/Pods-MZFlix-MZFlixUITests-frameworks.sh\"\n";
			showEnvVarsInLog = 0;
		};
		F8B9B0D8B7FA7E33D37141A4 /* [CP] Check Pods Manifest.lock */ = {
			isa = PBXShellScriptBuildPhase;
			buildActionMask = 2147483647;
			files = (
			);
			inputFileListPaths = (
			);
			inputPaths = (
				"${PODS_PODFILE_DIR_PATH}/Podfile.lock",
				"${PODS_ROOT}/Manifest.lock",
			);
			name = "[CP] Check Pods Manifest.lock";
			outputFileListPaths = (
			);
			outputPaths = (
				"$(DERIVED_FILE_DIR)/Pods-MZFlix-checkManifestLockResult.txt",
			);
			runOnlyForDeploymentPostprocessing = 0;
			shellPath = /bin/sh;
			shellScript = "diff \"${PODS_PODFILE_DIR_PATH}/Podfile.lock\" \"${PODS_ROOT}/Manifest.lock\" > /dev/null\nif [ $? != 0 ] ; then\n    # print error to STDERR\n    echo \"error: The sandbox is not in sync with the Podfile.lock. Run 'pod install' or update your CocoaPods installation.\" >&2\n    exit 1\nfi\n# This output is used by Xcode 'outputs' to avoid re-running this script phase.\necho \"SUCCESS\" > \"${SCRIPT_OUTPUT_FILE_0}\"\n";
			showEnvVarsInLog = 0;
		};
		FF0CF52643EF5FD1DBA75CE5 /* [CP] Check Pods Manifest.lock */ = {
			isa = PBXShellScriptBuildPhase;
			buildActionMask = 2147483647;
			files = (
			);
			inputFileListPaths = (
			);
			inputPaths = (
				"${PODS_PODFILE_DIR_PATH}/Podfile.lock",
				"${PODS_ROOT}/Manifest.lock",
			);
			name = "[CP] Check Pods Manifest.lock";
			outputFileListPaths = (
			);
			outputPaths = (
				"$(DERIVED_FILE_DIR)/Pods-MZFlixTests-checkManifestLockResult.txt",
			);
			runOnlyForDeploymentPostprocessing = 0;
			shellPath = /bin/sh;
			shellScript = "diff \"${PODS_PODFILE_DIR_PATH}/Podfile.lock\" \"${PODS_ROOT}/Manifest.lock\" > /dev/null\nif [ $? != 0 ] ; then\n    # print error to STDERR\n    echo \"error: The sandbox is not in sync with the Podfile.lock. Run 'pod install' or update your CocoaPods installation.\" >&2\n    exit 1\nfi\n# This output is used by Xcode 'outputs' to avoid re-running this script phase.\necho \"SUCCESS\" > \"${SCRIPT_OUTPUT_FILE_0}\"\n";
			showEnvVarsInLog = 0;
		};
/* End PBXShellScriptBuildPhase section */

/* Begin PBXSourcesBuildPhase section */
		D751E02E25D788D600C3BA76 /* Sources */ = {
			isa = PBXSourcesBuildPhase;
			buildActionMask = 2147483647;
			files = (
				D751E03A25D788D600C3BA76 /* ViewController.swift in Sources */,
				D751E03625D788D600C3BA76 /* AppDelegate.swift in Sources */,
				D751E06925D79DCF00C3BA76 /* MovieCell.swift in Sources */,
				D751E03825D788D600C3BA76 /* SceneDelegate.swift in Sources */,
			);
			runOnlyForDeploymentPostprocessing = 0;
		};
		D751E04425D788DB00C3BA76 /* Sources */ = {
			isa = PBXSourcesBuildPhase;
			buildActionMask = 2147483647;
			files = (
				D751E04D25D788DB00C3BA76 /* MZFlixTests.swift in Sources */,
			);
			runOnlyForDeploymentPostprocessing = 0;
		};
		D751E04F25D788DB00C3BA76 /* Sources */ = {
			isa = PBXSourcesBuildPhase;
			buildActionMask = 2147483647;
			files = (
				D751E05825D788DB00C3BA76 /* MZFlixUITests.swift in Sources */,
			);
			runOnlyForDeploymentPostprocessing = 0;
		};
/* End PBXSourcesBuildPhase section */

/* Begin PBXTargetDependency section */
		D751E04A25D788DB00C3BA76 /* PBXTargetDependency */ = {
			isa = PBXTargetDependency;
			target = D751E03125D788D600C3BA76 /* MZFlix */;
			targetProxy = D751E04925D788DB00C3BA76 /* PBXContainerItemProxy */;
		};
		D751E05525D788DB00C3BA76 /* PBXTargetDependency */ = {
			isa = PBXTargetDependency;
			target = D751E03125D788D600C3BA76 /* MZFlix */;
			targetProxy = D751E05425D788DB00C3BA76 /* PBXContainerItemProxy */;
		};
/* End PBXTargetDependency section */

/* Begin PBXVariantGroup section */
		D751E03B25D788D600C3BA76 /* Main.storyboard */ = {
			isa = PBXVariantGroup;
			children = (
				D751E03C25D788D600C3BA76 /* Base */,
			);
			name = Main.storyboard;
			sourceTree = "<group>";
		};
		D751E04025D788DB00C3BA76 /* LaunchScreen.storyboard */ = {
			isa = PBXVariantGroup;
			children = (
				D751E04125D788DB00C3BA76 /* Base */,
			);
			name = LaunchScreen.storyboard;
			sourceTree = "<group>";
		};
/* End PBXVariantGroup section */

/* Begin XCBuildConfiguration section */
		D751E05A25D788DB00C3BA76 /* Debug */ = {
			isa = XCBuildConfiguration;
			buildSettings = {
				ALWAYS_SEARCH_USER_PATHS = NO;
				CLANG_ANALYZER_NONNULL = YES;
				CLANG_ANALYZER_NUMBER_OBJECT_CONVERSION = YES_AGGRESSIVE;
				CLANG_CXX_LANGUAGE_STANDARD = "gnu++14";
				CLANG_CXX_LIBRARY = "libc++";
				CLANG_ENABLE_MODULES = YES;
				CLANG_ENABLE_OBJC_ARC = YES;
				CLANG_ENABLE_OBJC_WEAK = YES;
				CLANG_WARN_BLOCK_CAPTURE_AUTORELEASING = YES;
				CLANG_WARN_BOOL_CONVERSION = YES;
				CLANG_WARN_COMMA = YES;
				CLANG_WARN_CONSTANT_CONVERSION = YES;
				CLANG_WARN_DEPRECATED_OBJC_IMPLEMENTATIONS = YES;
				CLANG_WARN_DIRECT_OBJC_ISA_USAGE = YES_ERROR;
				CLANG_WARN_DOCUMENTATION_COMMENTS = YES;
				CLANG_WARN_EMPTY_BODY = YES;
				CLANG_WARN_ENUM_CONVERSION = YES;
				CLANG_WARN_INFINITE_RECURSION = YES;
				CLANG_WARN_INT_CONVERSION = YES;
				CLANG_WARN_NON_LITERAL_NULL_CONVERSION = YES;
				CLANG_WARN_OBJC_IMPLICIT_RETAIN_SELF = YES;
				CLANG_WARN_OBJC_LITERAL_CONVERSION = YES;
				CLANG_WARN_OBJC_ROOT_CLASS = YES_ERROR;
				CLANG_WARN_QUOTED_INCLUDE_IN_FRAMEWORK_HEADER = YES;
				CLANG_WARN_RANGE_LOOP_ANALYSIS = YES;
				CLANG_WARN_STRICT_PROTOTYPES = YES;
				CLANG_WARN_SUSPICIOUS_MOVE = YES;
				CLANG_WARN_UNGUARDED_AVAILABILITY = YES_AGGRESSIVE;
				CLANG_WARN_UNREACHABLE_CODE = YES;
				CLANG_WARN__DUPLICATE_METHOD_MATCH = YES;
				COPY_PHASE_STRIP = NO;
				DEBUG_INFORMATION_FORMAT = dwarf;
				ENABLE_STRICT_OBJC_MSGSEND = YES;
				ENABLE_TESTABILITY = YES;
				GCC_C_LANGUAGE_STANDARD = gnu11;
				GCC_DYNAMIC_NO_PIC = NO;
				GCC_NO_COMMON_BLOCKS = YES;
				GCC_OPTIMIZATION_LEVEL = 0;
				GCC_PREPROCESSOR_DEFINITIONS = (
					"DEBUG=1",
					"$(inherited)",
				);
				GCC_WARN_64_TO_32_BIT_CONVERSION = YES;
				GCC_WARN_ABOUT_RETURN_TYPE = YES_ERROR;
				GCC_WARN_UNDECLARED_SELECTOR = YES;
				GCC_WARN_UNINITIALIZED_AUTOS = YES_AGGRESSIVE;
				GCC_WARN_UNUSED_FUNCTION = YES;
				GCC_WARN_UNUSED_VARIABLE = YES;
				IPHONEOS_DEPLOYMENT_TARGET = 14.4;
				MTL_ENABLE_DEBUG_INFO = INCLUDE_SOURCE;
				MTL_FAST_MATH = YES;
				ONLY_ACTIVE_ARCH = YES;
				SDKROOT = iphoneos;
				SWIFT_ACTIVE_COMPILATION_CONDITIONS = DEBUG;
				SWIFT_OPTIMIZATION_LEVEL = "-Onone";
			};
			name = Debug;
		};
		D751E05B25D788DB00C3BA76 /* Release */ = {
			isa = XCBuildConfiguration;
			buildSettings = {
				ALWAYS_SEARCH_USER_PATHS = NO;
				CLANG_ANALYZER_NONNULL = YES;
				CLANG_ANALYZER_NUMBER_OBJECT_CONVERSION = YES_AGGRESSIVE;
				CLANG_CXX_LANGUAGE_STANDARD = "gnu++14";
				CLANG_CXX_LIBRARY = "libc++";
				CLANG_ENABLE_MODULES = YES;
				CLANG_ENABLE_OBJC_ARC = YES;
				CLANG_ENABLE_OBJC_WEAK = YES;
				CLANG_WARN_BLOCK_CAPTURE_AUTORELEASING = YES;
				CLANG_WARN_BOOL_CONVERSION = YES;
				CLANG_WARN_COMMA = YES;
				CLANG_WARN_CONSTANT_CONVERSION = YES;
				CLANG_WARN_DEPRECATED_OBJC_IMPLEMENTATIONS = YES;
				CLANG_WARN_DIRECT_OBJC_ISA_USAGE = YES_ERROR;
				CLANG_WARN_DOCUMENTATION_COMMENTS = YES;
				CLANG_WARN_EMPTY_BODY = YES;
				CLANG_WARN_ENUM_CONVERSION = YES;
				CLANG_WARN_INFINITE_RECURSION = YES;
				CLANG_WARN_INT_CONVERSION = YES;
				CLANG_WARN_NON_LITERAL_NULL_CONVERSION = YES;
				CLANG_WARN_OBJC_IMPLICIT_RETAIN_SELF = YES;
				CLANG_WARN_OBJC_LITERAL_CONVERSION = YES;
				CLANG_WARN_OBJC_ROOT_CLASS = YES_ERROR;
				CLANG_WARN_QUOTED_INCLUDE_IN_FRAMEWORK_HEADER = YES;
				CLANG_WARN_RANGE_LOOP_ANALYSIS = YES;
				CLANG_WARN_STRICT_PROTOTYPES = YES;
				CLANG_WARN_SUSPICIOUS_MOVE = YES;
				CLANG_WARN_UNGUARDED_AVAILABILITY = YES_AGGRESSIVE;
				CLANG_WARN_UNREACHABLE_CODE = YES;
				CLANG_WARN__DUPLICATE_METHOD_MATCH = YES;
				COPY_PHASE_STRIP = NO;
				DEBUG_INFORMATION_FORMAT = "dwarf-with-dsym";
				ENABLE_NS_ASSERTIONS = NO;
				ENABLE_STRICT_OBJC_MSGSEND = YES;
				GCC_C_LANGUAGE_STANDARD = gnu11;
				GCC_NO_COMMON_BLOCKS = YES;
				GCC_WARN_64_TO_32_BIT_CONVERSION = YES;
				GCC_WARN_ABOUT_RETURN_TYPE = YES_ERROR;
				GCC_WARN_UNDECLARED_SELECTOR = YES;
				GCC_WARN_UNINITIALIZED_AUTOS = YES_AGGRESSIVE;
				GCC_WARN_UNUSED_FUNCTION = YES;
				GCC_WARN_UNUSED_VARIABLE = YES;
				IPHONEOS_DEPLOYMENT_TARGET = 14.4;
				MTL_ENABLE_DEBUG_INFO = NO;
				MTL_FAST_MATH = YES;
				SDKROOT = iphoneos;
				SWIFT_COMPILATION_MODE = wholemodule;
				SWIFT_OPTIMIZATION_LEVEL = "-O";
				VALIDATE_PRODUCT = YES;
			};
			name = Release;
		};
		D751E05D25D788DB00C3BA76 /* Debug */ = {
			isa = XCBuildConfiguration;
			baseConfigurationReference = 07DC20E0F7FBA659BC4F31AE /* Pods-MZFlix.debug.xcconfig */;
			buildSettings = {
				ASSETCATALOG_COMPILER_APPICON_NAME = AppIcon;
				ASSETCATALOG_COMPILER_GLOBAL_ACCENT_COLOR_NAME = AccentColor;
				CODE_SIGN_STYLE = Automatic;
				DEVELOPMENT_TEAM = Q65K8YD73D;
				INFOPLIST_FILE = MZFlix/Info.plist;
				LD_RUNPATH_SEARCH_PATHS = (
					"$(inherited)",
					"@executable_path/Frameworks",
				);
				PRODUCT_BUNDLE_IDENTIFIER = Codepath.MZFlix;
				PRODUCT_NAME = "$(TARGET_NAME)";
				SWIFT_VERSION = 5.0;
				TARGETED_DEVICE_FAMILY = "1,2";
			};
			name = Debug;
		};
		D751E05E25D788DB00C3BA76 /* Release */ = {
			isa = XCBuildConfiguration;
			baseConfigurationReference = 92067E0472CD738CD3C7DC1D /* Pods-MZFlix.release.xcconfig */;
			buildSettings = {
				ASSETCATALOG_COMPILER_APPICON_NAME = AppIcon;
				ASSETCATALOG_COMPILER_GLOBAL_ACCENT_COLOR_NAME = AccentColor;
				CODE_SIGN_STYLE = Automatic;
				DEVELOPMENT_TEAM = Q65K8YD73D;
				INFOPLIST_FILE = MZFlix/Info.plist;
				LD_RUNPATH_SEARCH_PATHS = (
					"$(inherited)",
					"@executable_path/Frameworks",
				);
				PRODUCT_BUNDLE_IDENTIFIER = Codepath.MZFlix;
				PRODUCT_NAME = "$(TARGET_NAME)";
				SWIFT_VERSION = 5.0;
				TARGETED_DEVICE_FAMILY = "1,2";
			};
			name = Release;
		};
		D751E06025D788DB00C3BA76 /* Debug */ = {
			isa = XCBuildConfiguration;
			baseConfigurationReference = 6A1E52293C022F696A51919A /* Pods-MZFlixTests.debug.xcconfig */;
			buildSettings = {
				ALWAYS_EMBED_SWIFT_STANDARD_LIBRARIES = YES;
				BUNDLE_LOADER = "$(TEST_HOST)";
				CODE_SIGN_STYLE = Automatic;
				DEVELOPMENT_TEAM = Q65K8YD73D;
				INFOPLIST_FILE = MZFlixTests/Info.plist;
				IPHONEOS_DEPLOYMENT_TARGET = 14.4;
				LD_RUNPATH_SEARCH_PATHS = (
					"$(inherited)",
					"@executable_path/Frameworks",
					"@loader_path/Frameworks",
				);
				PRODUCT_BUNDLE_IDENTIFIER = Codepath.MZFlixTests;
				PRODUCT_NAME = "$(TARGET_NAME)";
				SWIFT_VERSION = 5.0;
				TARGETED_DEVICE_FAMILY = "1,2";
				TEST_HOST = "$(BUILT_PRODUCTS_DIR)/MZFlix.app/MZFlix";
			};
			name = Debug;
		};
		D751E06125D788DB00C3BA76 /* Release */ = {
			isa = XCBuildConfiguration;
			baseConfigurationReference = E33339AC067C6AE0E0D49EEE /* Pods-MZFlixTests.release.xcconfig */;
			buildSettings = {
				ALWAYS_EMBED_SWIFT_STANDARD_LIBRARIES = YES;
				BUNDLE_LOADER = "$(TEST_HOST)";
				CODE_SIGN_STYLE = Automatic;
				DEVELOPMENT_TEAM = Q65K8YD73D;
				INFOPLIST_FILE = MZFlixTests/Info.plist;
				IPHONEOS_DEPLOYMENT_TARGET = 14.4;
				LD_RUNPATH_SEARCH_PATHS = (
					"$(inherited)",
					"@executable_path/Frameworks",
					"@loader_path/Frameworks",
				);
				PRODUCT_BUNDLE_IDENTIFIER = Codepath.MZFlixTests;
				PRODUCT_NAME = "$(TARGET_NAME)";
				SWIFT_VERSION = 5.0;
				TARGETED_DEVICE_FAMILY = "1,2";
				TEST_HOST = "$(BUILT_PRODUCTS_DIR)/MZFlix.app/MZFlix";
			};
			name = Release;
		};
		D751E06325D788DB00C3BA76 /* Debug */ = {
			isa = XCBuildConfiguration;
			baseConfigurationReference = 7970C27E1CCD8DE8311B7846 /* Pods-MZFlix-MZFlixUITests.debug.xcconfig */;
			buildSettings = {
				ALWAYS_EMBED_SWIFT_STANDARD_LIBRARIES = YES;
				CODE_SIGN_STYLE = Automatic;
				DEVELOPMENT_TEAM = Q65K8YD73D;
				INFOPLIST_FILE = MZFlixUITests/Info.plist;
				LD_RUNPATH_SEARCH_PATHS = (
					"$(inherited)",
					"@executable_path/Frameworks",
					"@loader_path/Frameworks",
				);
				PRODUCT_BUNDLE_IDENTIFIER = Codepath.MZFlixUITests;
				PRODUCT_NAME = "$(TARGET_NAME)";
				SWIFT_VERSION = 5.0;
				TARGETED_DEVICE_FAMILY = "1,2";
				TEST_TARGET_NAME = MZFlix;
			};
			name = Debug;
		};
		D751E06425D788DB00C3BA76 /* Release */ = {
			isa = XCBuildConfiguration;
			baseConfigurationReference = 4358FCD28041BF3201E48804 /* Pods-MZFlix-MZFlixUITests.release.xcconfig */;
			buildSettings = {
				ALWAYS_EMBED_SWIFT_STANDARD_LIBRARIES = YES;
				CODE_SIGN_STYLE = Automatic;
				DEVELOPMENT_TEAM = Q65K8YD73D;
				INFOPLIST_FILE = MZFlixUITests/Info.plist;
				LD_RUNPATH_SEARCH_PATHS = (
					"$(inherited)",
					"@executable_path/Frameworks",
					"@loader_path/Frameworks",
				);
				PRODUCT_BUNDLE_IDENTIFIER = Codepath.MZFlixUITests;
				PRODUCT_NAME = "$(TARGET_NAME)";
				SWIFT_VERSION = 5.0;
				TARGETED_DEVICE_FAMILY = "1,2";
				TEST_TARGET_NAME = MZFlix;
			};
			name = Release;
		};
/* End XCBuildConfiguration section */

/* Begin XCConfigurationList section */
		D751E02D25D788D600C3BA76 /* Build configuration list for PBXProject "MZFlix" */ = {
			isa = XCConfigurationList;
			buildConfigurations = (
				D751E05A25D788DB00C3BA76 /* Debug */,
				D751E05B25D788DB00C3BA76 /* Release */,
			);
			defaultConfigurationIsVisible = 0;
			defaultConfigurationName = Release;
		};
		D751E05C25D788DB00C3BA76 /* Build configuration list for PBXNativeTarget "MZFlix" */ = {
			isa = XCConfigurationList;
			buildConfigurations = (
				D751E05D25D788DB00C3BA76 /* Debug */,
				D751E05E25D788DB00C3BA76 /* Release */,
			);
			defaultConfigurationIsVisible = 0;
			defaultConfigurationName = Release;
		};
		D751E05F25D788DB00C3BA76 /* Build configuration list for PBXNativeTarget "MZFlixTests" */ = {
			isa = XCConfigurationList;
			buildConfigurations = (
				D751E06025D788DB00C3BA76 /* Debug */,
				D751E06125D788DB00C3BA76 /* Release */,
			);
			defaultConfigurationIsVisible = 0;
			defaultConfigurationName = Release;
		};
		D751E06225D788DB00C3BA76 /* Build configuration list for PBXNativeTarget "MZFlixUITests" */ = {
			isa = XCConfigurationList;
			buildConfigurations = (
				D751E06325D788DB00C3BA76 /* Debug */,
				D751E06425D788DB00C3BA76 /* Release */,
			);
			defaultConfigurationIsVisible = 0;
			defaultConfigurationName = Release;
		};
/* End XCConfigurationList section */
	};
	rootObject = D751E02A25D788D600C3BA76 /* Project object */;
}
